
Microsoft Visual Studio Solution File, Format Version 12.00
# Visual Studio 15
VisualStudioVersion = 15.0.27004.2002
MinimumVisualStudioVersion = 10.0.40219.1
Project("{FAE04EC0-301F-11D3-BF4B-00C04F79EFBC}") = "CollageMaker", "CollageMaker\CollageMaker.csproj", "{6EAE6F9A-73CA-4906-B709-871D2BFEBF4A}"
EndProject
Project("{FAE04EC0-301F-11D3-BF4B-00C04F79EFBC}") = "ITLN Utils", "..\ITLN-Utils\ITLN Utils\ITLN Utils.csproj", "{6691428B-CF5A-4780-9427-C60D0C611B8E}"
EndProject
Project("{FAE04EC0-301F-11D3-BF4B-00C04F79EFBC}") = "ITLN Win Utils", "..\ITLN-Utils\ITLN Win Utils\ITLN Win Utils.csproj", "{4478B83A-1A51-4A44-865D-3849FACD61A4}"
EndProject
Global
	GlobalSection(SolutionConfigurationPlatforms) = preSolution
		Debug x64|Any CPU = Debug x64|Any CPU
		Debug x64|x64 = Debug x64|x64
		Debug|Any CPU = Debug|Any CPU
		Debug|x64 = Debug|x64
		Release x64|Any CPU = Release x64|Any CPU
		Release x64|x64 = Release x64|x64
		Release|Any CPU = Release|Any CPU
		Release|x64 = Release|x64
	EndGlobalSection
	GlobalSection(ProjectConfigurationPlatforms) = postSolution
		{6EAE6F9A-73CA-4906-B709-871D2BFEBF4A}.Debug x64|Any CPU.ActiveCfg = Debug|Any CPU
		{6EAE6F9A-73CA-4906-B709-871D2BFEBF4A}.Debug x64|Any CPU.Build.0 = Debug|Any CPU
		{6EAE6F9A-73CA-4906-B709-871D2BFEBF4A}.Debug x64|x64.ActiveCfg = Debug|Any CPU
		{6EAE6F9A-73CA-4906-B709-871D2BFEBF4A}.Debug x64|x64.Build.0 = Debug|Any CPU
		{6EAE6F9A-73CA-4906-B709-871D2BFEBF4A}.Debug|Any CPU.ActiveCfg = Debug|Any CPU
		{6EAE6F9A-73CA-4906-B709-871D2BFEBF4A}.Debug|Any CPU.Build.0 = Debug|Any CPU
		{6EAE6F9A-73CA-4906-B709-871D2BFEBF4A}.Debug|x64.ActiveCfg = Debug|Any CPU
		{6EAE6F9A-73CA-4906-B709-871D2BFEBF4A}.Debug|x64.Build.0 = Debug|Any CPU
		{6EAE6F9A-73CA-4906-B709-871D2BFEBF4A}.Release x64|Any CPU.ActiveCfg = Release|Any CPU
		{6EAE6F9A-73CA-4906-B709-871D2BFEBF4A}.Release x64|Any CPU.Build.0 = Release|Any CPU
		{6EAE6F9A-73CA-4906-B709-871D2BFEBF4A}.Release x64|x64.ActiveCfg = Release|Any CPU
		{6EAE6F9A-73CA-4906-B709-871D2BFEBF4A}.Release x64|x64.Build.0 = Release|Any CPU
		{6EAE6F9A-73CA-4906-B709-871D2BFEBF4A}.Release|Any CPU.ActiveCfg = Release|Any CPU
		{6EAE6F9A-73CA-4906-B709-871D2BFEBF4A}.Release|Any CPU.Build.0 = Release|Any CPU
		{6EAE6F9A-73CA-4906-B709-871D2BFEBF4A}.Release|x64.ActiveCfg = Release|Any CPU
		{6EAE6F9A-73CA-4906-B709-871D2BFEBF4A}.Release|x64.Build.0 = Release|Any CPU
		{6691428B-CF5A-4780-9427-C60D0C611B8E}.Debug x64|Any CPU.ActiveCfg = Debug x64|Any CPU
		{6691428B-CF5A-4780-9427-C60D0C611B8E}.Debug x64|Any CPU.Build.0 = Debug x64|Any CPU
		{6691428B-CF5A-4780-9427-C60D0C611B8E}.Debug x64|x64.ActiveCfg = Debug x64|x64
		{6691428B-CF5A-4780-9427-C60D0C611B8E}.Debug x64|x64.Build.0 = Debug x64|x64
		{6691428B-CF5A-4780-9427-C60D0C611B8E}.Debug|Any CPU.ActiveCfg = Debug|Any CPU
		{6691428B-CF5A-4780-9427-C60D0C611B8E}.Debug|Any CPU.Build.0 = Debug|Any CPU
		{6691428B-CF5A-4780-9427-C60D0C611B8E}.Debug|x64.ActiveCfg = Debug|x64
		{6691428B-CF5A-4780-9427-C60D0C611B8E}.Debug|x64.Build.0 = Debug|x64
		{6691428B-CF5A-4780-9427-C60D0C611B8E}.Release x64|Any CPU.ActiveCfg = Release x64|Any CPU
		{6691428B-CF5A-4780-9427-C60D0C611B8E}.Release x64|Any CPU.Build.0 = Release x64|Any CPU
		{6691428B-CF5A-4780-9427-C60D0C611B8E}.Release x64|x64.ActiveCfg = Release x64|x64
		{6691428B-CF5A-4780-9427-C60D0C611B8E}.Release x64|x64.Build.0 = Release x64|x64
		{6691428B-CF5A-4780-9427-C60D0C611B8E}.Release|Any CPU.ActiveCfg = Release|Any CPU
		{6691428B-CF5A-4780-9427-C60D0C611B8E}.Release|Any CPU.Build.0 = Release|Any CPU
		{6691428B-CF5A-4780-9427-C60D0C611B8E}.Release|x64.ActiveCfg = Release|x64
		{6691428B-CF5A-4780-9427-C60D0C611B8E}.Release|x64.Build.0 = Release|x64
		{4478B83A-1A51-4A44-865D-3849FACD61A4}.Debug x64|Any CPU.ActiveCfg = Debug|Any CPU
		{4478B83A-1A51-4A44-865D-3849FACD61A4}.Debug x64|Any CPU.Build.0 = Debug|Any CPU
		{4478B83A-1A51-4A44-865D-3849FACD61A4}.Debug x64|x64.ActiveCfg = Debug|Any CPU
		{4478B83A-1A51-4A44-865D-3849FACD61A4}.Debug x64|x64.Build.0 = Debug|Any CPU
		{4478B83A-1A51-4A44-865D-3849FACD61A4}.Debug|Any CPU.ActiveCfg = Debug|Any CPU
		{4478B83A-1A51-4A44-865D-3849FACD61A4}.Debug|Any CPU.Build.0 = Debug|Any CPU
		{4478B83A-1A51-4A44-865D-3849FACD61A4}.Debug|x64.ActiveCfg = Debug|Any CPU
		{4478B83A-1A51-4A44-865D-3849FACD61A4}.Debug|x64.Build.0 = Debug|Any CPU
		{4478B83A-1A51-4A44-865D-3849FACD61A4}.Release x64|Any CPU.ActiveCfg = Release|Any CPU
		{4478B83A-1A51-4A44-865D-3849FACD61A4}.Release x64|Any CPU.Build.0 = Release|Any CPU
		{4478B83A-1A51-4A44-865D-3849FACD61A4}.Release x64|x64.ActiveCfg = Release|Any CPU
		{4478B83A-1A51-4A44-865D-3849FACD61A4}.Release x64|x64.Build.0 = Release|Any CPU
		{4478B83A-1A51-4A44-865D-3849FACD61A4}.Release|Any CPU.ActiveCfg = Release|Any CPU
		{4478B83A-1A51-4A44-865D-3849FACD61A4}.Release|Any CPU.Build.0 = Release|Any CPU
		{4478B83A-1A51-4A44-865D-3849FACD61A4}.Release|x64.ActiveCfg = Release|Any CPU
		{4478B83A-1A51-4A44-865D-3849FACD61A4}.Release|x64.Build.0 = Release|Any CPU
	EndGlobalSection
	GlobalSection(SolutionProperties) = preSolution
		HideSolutionNode = FALSE
	EndGlobalSection
	GlobalSection(ExtensibilityGlobals) = postSolution
		SolutionGuid = {444F575C-54E2-4BF4-86BA-042609E9AC39}
	EndGlobalSection
EndGlobal
